// !$*UTF8*$!
{
	archiveVersion = 1;
	classes = {
	};
	objectVersion = 55;
	objects = {

/* Begin PBXBuildFile section */
		6D2DC6D8288C4C4E0058036C /* UserDefaults+.swift in Sources */ = {isa = PBXBuildFile; fileRef = 6D2DC6D7288C4C4E0058036C /* UserDefaults+.swift */; };
		6D3D20E9288915F200C25370 /* PokemonDetail.swift in Sources */ = {isa = PBXBuildFile; fileRef = 6D3D20E8288915F200C25370 /* PokemonDetail.swift */; };
		6D47ABD2288858C1003FB955 /* Kingfisher in Frameworks */ = {isa = PBXBuildFile; productRef = 6D47ABD1288858C1003FB955 /* Kingfisher */; };
		6D5073EB28850998008A179A /* PokemonListRepository.swift in Sources */ = {isa = PBXBuildFile; fileRef = 6D5073EA28850998008A179A /* PokemonListRepository.swift */; };
		6D5073ED28850A13008A179A /* Pokemon.swift in Sources */ = {isa = PBXBuildFile; fileRef = 6D5073EC28850A13008A179A /* Pokemon.swift */; };
		6D50CDB82882C3120086B7EE /* PokemonPictorialBookApp.swift in Sources */ = {isa = PBXBuildFile; fileRef = 6D50CDB72882C3120086B7EE /* PokemonPictorialBookApp.swift */; };
		6D50CDBA2882C3120086B7EE /* PokemonListView.swift in Sources */ = {isa = PBXBuildFile; fileRef = 6D50CDB92882C3120086B7EE /* PokemonListView.swift */; };
		6D50CDBC2882C3130086B7EE /* Assets.xcassets in Resources */ = {isa = PBXBuildFile; fileRef = 6D50CDBB2882C3130086B7EE /* Assets.xcassets */; };
		6D50CDBF2882C3130086B7EE /* Preview Assets.xcassets in Resources */ = {isa = PBXBuildFile; fileRef = 6D50CDBE2882C3130086B7EE /* Preview Assets.xcassets */; };
		6D7A6B002883FAFD00B82C7F /* Realm in Frameworks */ = {isa = PBXBuildFile; productRef = 6D7A6AFF2883FAFD00B82C7F /* Realm */; };
		6D7A6B022883FAFD00B82C7F /* RealmSwift in Frameworks */ = {isa = PBXBuildFile; productRef = 6D7A6B012883FAFD00B82C7F /* RealmSwift */; };
		6D7A6B052883FB2000B82C7F /* PokemonAPI in Frameworks */ = {isa = PBXBuildFile; productRef = 6D7A6B042883FB2000B82C7F /* PokemonAPI */; };
		6DC814802886E30400ADE425 /* PokemonSprites.swift in Sources */ = {isa = PBXBuildFile; fileRef = 6DC8147F2886E30400ADE425 /* PokemonSprites.swift */; };
		6DC814822886E4C500ADE425 /* PokemonListViewModel.swift in Sources */ = {isa = PBXBuildFile; fileRef = 6DC814812886E4C500ADE425 /* PokemonListViewModel.swift */; };
/* End PBXBuildFile section */

/* Begin PBXFileReference section */
		6D2DC6D7288C4C4E0058036C /* UserDefaults+.swift */ = {isa = PBXFileReference; lastKnownFileType = sourcecode.swift; path = "UserDefaults+.swift"; sourceTree = "<group>"; };
		6D3D20E8288915F200C25370 /* PokemonDetail.swift */ = {isa = PBXFileReference; lastKnownFileType = sourcecode.swift; path = PokemonDetail.swift; sourceTree = "<group>"; };
		6D3D20EA28891CD200C25370 /* Info.plist */ = {isa = PBXFileReference; lastKnownFileType = text.plist; path = Info.plist; sourceTree = "<group>"; };
		6D5073EA28850998008A179A /* PokemonListRepository.swift */ = {isa = PBXFileReference; lastKnownFileType = sourcecode.swift; path = PokemonListRepository.swift; sourceTree = "<group>"; };
		6D5073EC28850A13008A179A /* Pokemon.swift */ = {isa = PBXFileReference; lastKnownFileType = sourcecode.swift; path = Pokemon.swift; sourceTree = "<group>"; };
		6D50CDB42882C3120086B7EE /* PokemonPictorialBook.app */ = {isa = PBXFileReference; explicitFileType = wrapper.application; includeInIndex = 0; path = PokemonPictorialBook.app; sourceTree = BUILT_PRODUCTS_DIR; };
		6D50CDB72882C3120086B7EE /* PokemonPictorialBookApp.swift */ = {isa = PBXFileReference; lastKnownFileType = sourcecode.swift; path = PokemonPictorialBookApp.swift; sourceTree = "<group>"; };
		6D50CDB92882C3120086B7EE /* PokemonListView.swift */ = {isa = PBXFileReference; lastKnownFileType = sourcecode.swift; path = PokemonListView.swift; sourceTree = "<group>"; };
		6D50CDBB2882C3130086B7EE /* Assets.xcassets */ = {isa = PBXFileReference; lastKnownFileType = folder.assetcatalog; path = Assets.xcassets; sourceTree = "<group>"; };
		6D50CDBE2882C3130086B7EE /* Preview Assets.xcassets */ = {isa = PBXFileReference; lastKnownFileType = folder.assetcatalog; path = "Preview Assets.xcassets"; sourceTree = "<group>"; };
		6DC8147F2886E30400ADE425 /* PokemonSprites.swift */ = {isa = PBXFileReference; lastKnownFileType = sourcecode.swift; path = PokemonSprites.swift; sourceTree = "<group>"; };
		6DC814812886E4C500ADE425 /* PokemonListViewModel.swift */ = {isa = PBXFileReference; lastKnownFileType = sourcecode.swift; path = PokemonListViewModel.swift; sourceTree = "<group>"; };
/* End PBXFileReference section */

/* Begin PBXFrameworksBuildPhase section */
		6D50CDB12882C3120086B7EE /* Frameworks */ = {
			isa = PBXFrameworksBuildPhase;
			buildActionMask = 2147483647;
			files = (
				6D47ABD2288858C1003FB955 /* Kingfisher in Frameworks */,
				6D7A6B052883FB2000B82C7F /* PokemonAPI in Frameworks */,
				6D7A6B022883FAFD00B82C7F /* RealmSwift in Frameworks */,
				6D7A6B002883FAFD00B82C7F /* Realm in Frameworks */,
			);
			runOnlyForDeploymentPostprocessing = 0;
		};
/* End PBXFrameworksBuildPhase section */

/* Begin PBXGroup section */
		6D2DC6D1288C4B7F0058036C /* Screen */ = {
			isa = PBXGroup;
			children = (
				6D2DC6D2288C4B980058036C /* PokemonList */,
				6D2DC6D5288C4C0D0058036C /* PokemonDetail */,
			);
			path = Screen;
			sourceTree = "<group>";
		};
		6D2DC6D2288C4B980058036C /* PokemonList */ = {
			isa = PBXGroup;
			children = (
				6D50CDB92882C3120086B7EE /* PokemonListView.swift */,
				6DC814812886E4C500ADE425 /* PokemonListViewModel.swift */,
			);
			path = PokemonList;
			sourceTree = "<group>";
		};
		6D2DC6D3288C4BA40058036C /* Model */ = {
			isa = PBXGroup;
			children = (
				6D5073EC28850A13008A179A /* Pokemon.swift */,
				6DC8147F2886E30400ADE425 /* PokemonSprites.swift */,
			);
			path = Model;
			sourceTree = "<group>";
		};
		6D2DC6D4288C4BF60058036C /* Repository */ = {
			isa = PBXGroup;
			children = (
				6D5073EA28850998008A179A /* PokemonListRepository.swift */,
			);
			path = Repository;
			sourceTree = "<group>";
		};
		6D2DC6D5288C4C0D0058036C /* PokemonDetail */ = {
			isa = PBXGroup;
			children = (
				6D3D20E8288915F200C25370 /* PokemonDetail.swift */,
			);
			path = PokemonDetail;
			sourceTree = "<group>";
		};
		6D2DC6D6288C4C3A0058036C /* Other */ = {
			isa = PBXGroup;
			children = (
				6D2DC6D7288C4C4E0058036C /* UserDefaults+.swift */,
			);
			path = Other;
			sourceTree = "<group>";
		};
		6D50CDAB2882C3120086B7EE = {
			isa = PBXGroup;
			children = (
				6D50CDB62882C3120086B7EE /* PokemonPictorialBook */,
				6D50CDB52882C3120086B7EE /* Products */,
			);
			sourceTree = "<group>";
		};
		6D50CDB52882C3120086B7EE /* Products */ = {
			isa = PBXGroup;
			children = (
				6D50CDB42882C3120086B7EE /* PokemonPictorialBook.app */,
			);
			name = Products;
			sourceTree = "<group>";
		};
		6D50CDB62882C3120086B7EE /* PokemonPictorialBook */ = {
			isa = PBXGroup;
			children = (
				6D3D20EA28891CD200C25370 /* Info.plist */,
				6D50CDB72882C3120086B7EE /* PokemonPictorialBookApp.swift */,
				6D2DC6D1288C4B7F0058036C /* Screen */,
				6D2DC6D4288C4BF60058036C /* Repository */,
				6D2DC6D3288C4BA40058036C /* Model */,
				6D2DC6D6288C4C3A0058036C /* Other */,
				6D50CDBB2882C3130086B7EE /* Assets.xcassets */,
				6D50CDBD2882C3130086B7EE /* Preview Content */,
			);
			path = PokemonPictorialBook;
			sourceTree = "<group>";
		};
		6D50CDBD2882C3130086B7EE /* Preview Content */ = {
			isa = PBXGroup;
			children = (
				6D50CDBE2882C3130086B7EE /* Preview Assets.xcassets */,
			);
			path = "Preview Content";
			sourceTree = "<group>";
		};
/* End PBXGroup section */

/* Begin PBXNativeTarget section */
		6D50CDB32882C3120086B7EE /* PokemonPictorialBook */ = {
			isa = PBXNativeTarget;
			buildConfigurationList = 6D50CDC22882C3130086B7EE /* Build configuration list for PBXNativeTarget "PokemonPictorialBook" */;
			buildPhases = (
				6D50CDB02882C3120086B7EE /* Sources */,
				6D50CDB12882C3120086B7EE /* Frameworks */,
				6D50CDB22882C3120086B7EE /* Resources */,
			);
			buildRules = (
			);
			dependencies = (
			);
			name = PokemonPictorialBook;
			packageProductDependencies = (
				6D7A6AFF2883FAFD00B82C7F /* Realm */,
				6D7A6B012883FAFD00B82C7F /* RealmSwift */,
				6D7A6B042883FB2000B82C7F /* PokemonAPI */,
				6D47ABD1288858C1003FB955 /* Kingfisher */,
			);
			productName = PokemonPictorialBook;
			productReference = 6D50CDB42882C3120086B7EE /* PokemonPictorialBook.app */;
			productType = "com.apple.product-type.application";
		};
/* End PBXNativeTarget section */

/* Begin PBXProject section */
		6D50CDAC2882C3120086B7EE /* Project object */ = {
			isa = PBXProject;
			attributes = {
				BuildIndependentTargetsInParallel = 1;
				LastSwiftUpdateCheck = 1340;
				LastUpgradeCheck = 1340;
				TargetAttributes = {
					6D50CDB32882C3120086B7EE = {
						CreatedOnToolsVersion = 13.4.1;
					};
				};
			};
			buildConfigurationList = 6D50CDAF2882C3120086B7EE /* Build configuration list for PBXProject "PokemonPictorialBook" */;
			compatibilityVersion = "Xcode 13.0";
			developmentRegion = en;
			hasScannedForEncodings = 0;
			knownRegions = (
				en,
				Base,
			);
			mainGroup = 6D50CDAB2882C3120086B7EE;
			packageReferences = (
				6D7A6AFE2883FAFD00B82C7F /* XCRemoteSwiftPackageReference "realm-swift" */,
				6D7A6B032883FB2000B82C7F /* XCRemoteSwiftPackageReference "PokemonAPI" */,
				6D47ABD0288858C1003FB955 /* XCRemoteSwiftPackageReference "Kingfisher" */,
			);
			productRefGroup = 6D50CDB52882C3120086B7EE /* Products */;
			projectDirPath = "";
			projectRoot = "";
			targets = (
				6D50CDB32882C3120086B7EE /* PokemonPictorialBook */,
			);
		};
/* End PBXProject section */

/* Begin PBXResourcesBuildPhase section */
		6D50CDB22882C3120086B7EE /* Resources */ = {
			isa = PBXResourcesBuildPhase;
			buildActionMask = 2147483647;
			files = (
				6D50CDBF2882C3130086B7EE /* Preview Assets.xcassets in Resources */,
				6D50CDBC2882C3130086B7EE /* Assets.xcassets in Resources */,
			);
			runOnlyForDeploymentPostprocessing = 0;
		};
/* End PBXResourcesBuildPhase section */

/* Begin PBXSourcesBuildPhase section */
		6D50CDB02882C3120086B7EE /* Sources */ = {
			isa = PBXSourcesBuildPhase;
			buildActionMask = 2147483647;
			files = (
				6D2DC6D8288C4C4E0058036C /* UserDefaults+.swift in Sources */,
				6D3D20E9288915F200C25370 /* PokemonDetail.swift in Sources */,
				6D50CDBA2882C3120086B7EE /* PokemonListView.swift in Sources */,
				6D50CDB82882C3120086B7EE /* PokemonPictorialBookApp.swift in Sources */,
				6DC814822886E4C500ADE425 /* PokemonListViewModel.swift in Sources */,
				6D5073EB28850998008A179A /* PokemonListRepository.swift in Sources */,
				6D5073ED28850A13008A179A /* Pokemon.swift in Sources */,
				6DC814802886E30400ADE425 /* PokemonSprites.swift in Sources */,
			);
			runOnlyForDeploymentPostprocessing = 0;
		};
/* End PBXSourcesBuildPhase section */

/* Begin XCBuildConfiguration section */
		6D50CDC02882C3130086B7EE /* Debug */ = {
			isa = XCBuildConfiguration;
			buildSettings = {
				ALWAYS_SEARCH_USER_PATHS = NO;
				CLANG_ANALYZER_NONNULL = YES;
				CLANG_ANALYZER_NUMBER_OBJECT_CONVERSION = YES_AGGRESSIVE;
				CLANG_CXX_LANGUAGE_STANDARD = "gnu++17";
				CLANG_ENABLE_MODULES = YES;
				CLANG_ENABLE_OBJC_ARC = YES;
				CLANG_ENABLE_OBJC_WEAK = YES;
				CLANG_WARN_BLOCK_CAPTURE_AUTORELEASING = YES;
				CLANG_WARN_BOOL_CONVERSION = YES;
				CLANG_WARN_COMMA = YES;
				CLANG_WARN_CONSTANT_CONVERSION = YES;
				CLANG_WARN_DEPRECATED_OBJC_IMPLEMENTATIONS = YES;
				CLANG_WARN_DIRECT_OBJC_ISA_USAGE = YES_ERROR;
				CLANG_WARN_DOCUMENTATION_COMMENTS = YES;
				CLANG_WARN_EMPTY_BODY = YES;
				CLANG_WARN_ENUM_CONVERSION = YES;
				CLANG_WARN_INFINITE_RECURSION = YES;
				CLANG_WARN_INT_CONVERSION = YES;
				CLANG_WARN_NON_LITERAL_NULL_CONVERSION = YES;
				CLANG_WARN_OBJC_IMPLICIT_RETAIN_SELF = YES;
				CLANG_WARN_OBJC_LITERAL_CONVERSION = YES;
				CLANG_WARN_OBJC_ROOT_CLASS = YES_ERROR;
				CLANG_WARN_QUOTED_INCLUDE_IN_FRAMEWORK_HEADER = YES;
				CLANG_WARN_RANGE_LOOP_ANALYSIS = YES;
				CLANG_WARN_STRICT_PROTOTYPES = YES;
				CLANG_WARN_SUSPICIOUS_MOVE = YES;
				CLANG_WARN_UNGUARDED_AVAILABILITY = YES_AGGRESSIVE;
				CLANG_WARN_UNREACHABLE_CODE = YES;
				CLANG_WARN__DUPLICATE_METHOD_MATCH = YES;
				COPY_PHASE_STRIP = NO;
				DEBUG_INFORMATION_FORMAT = dwarf;
				ENABLE_STRICT_OBJC_MSGSEND = YES;
				ENABLE_TESTABILITY = YES;
				GCC_C_LANGUAGE_STANDARD = gnu11;
				GCC_DYNAMIC_NO_PIC = NO;
				GCC_NO_COMMON_BLOCKS = YES;
				GCC_OPTIMIZATION_LEVEL = 0;
				GCC_PREPROCESSOR_DEFINITIONS = (
					"DEBUG=1",
					"$(inherited)",
				);
				GCC_WARN_64_TO_32_BIT_CONVERSION = YES;
				GCC_WARN_ABOUT_RETURN_TYPE = YES_ERROR;
				GCC_WARN_UNDECLARED_SELECTOR = YES;
				GCC_WARN_UNINITIALIZED_AUTOS = YES_AGGRESSIVE;
				GCC_WARN_UNUSED_FUNCTION = YES;
				GCC_WARN_UNUSED_VARIABLE = YES;
				IPHONEOS_DEPLOYMENT_TARGET = 15.0;
				MTL_ENABLE_DEBUG_INFO = INCLUDE_SOURCE;
				MTL_FAST_MATH = YES;
				ONLY_ACTIVE_ARCH = YES;
				SDKROOT = iphoneos;
				SWIFT_ACTIVE_COMPILATION_CONDITIONS = DEBUG;
				SWIFT_OPTIMIZATION_LEVEL = "-Onone";
			};
			name = Debug;
		};
		6D50CDC12882C3130086B7EE /* Release */ = {
			isa = XCBuildConfiguration;
			buildSettings = {
				ALWAYS_SEARCH_USER_PATHS = NO;
				CLANG_ANALYZER_NONNULL = YES;
				CLANG_ANALYZER_NUMBER_OBJECT_CONVERSION = YES_AGGRESSIVE;
				CLANG_CXX_LANGUAGE_STANDARD = "gnu++17";
				CLANG_ENABLE_MODULES = YES;
				CLANG_ENABLE_OBJC_ARC = YES;
				CLANG_ENABLE_OBJC_WEAK = YES;
				CLANG_WARN_BLOCK_CAPTURE_AUTORELEASING = YES;
				CLANG_WARN_BOOL_CONVERSION = YES;
				CLANG_WARN_COMMA = YES;
				CLANG_WARN_CONSTANT_CONVERSION = YES;
				CLANG_WARN_DEPRECATED_OBJC_IMPLEMENTATIONS = YES;
				CLANG_WARN_DIRECT_OBJC_ISA_USAGE = YES_ERROR;
				CLANG_WARN_DOCUMENTATION_COMMENTS = YES;
				CLANG_WARN_EMPTY_BODY = YES;
				CLANG_WARN_ENUM_CONVERSION = YES;
				CLANG_WARN_INFINITE_RECURSION = YES;
				CLANG_WARN_INT_CONVERSION = YES;
				CLANG_WARN_NON_LITERAL_NULL_CONVERSION = YES;
				CLANG_WARN_OBJC_IMPLICIT_RETAIN_SELF = YES;
				CLANG_WARN_OBJC_LITERAL_CONVERSION = YES;
				CLANG_WARN_OBJC_ROOT_CLASS = YES_ERROR;
				CLANG_WARN_QUOTED_INCLUDE_IN_FRAMEWORK_HEADER = YES;
				CLANG_WARN_RANGE_LOOP_ANALYSIS = YES;
				CLANG_WARN_STRICT_PROTOTYPES = YES;
				CLANG_WARN_SUSPICIOUS_MOVE = YES;
				CLANG_WARN_UNGUARDED_AVAILABILITY = YES_AGGRESSIVE;
				CLANG_WARN_UNREACHABLE_CODE = YES;
				CLANG_WARN__DUPLICATE_METHOD_MATCH = YES;
				COPY_PHASE_STRIP = NO;
				DEBUG_INFORMATION_FORMAT = "dwarf-with-dsym";
				ENABLE_NS_ASSERTIONS = NO;
				ENABLE_STRICT_OBJC_MSGSEND = YES;
				GCC_C_LANGUAGE_STANDARD = gnu11;
				GCC_NO_COMMON_BLOCKS = YES;
				GCC_WARN_64_TO_32_BIT_CONVERSION = YES;
				GCC_WARN_ABOUT_RETURN_TYPE = YES_ERROR;
				GCC_WARN_UNDECLARED_SELECTOR = YES;
				GCC_WARN_UNINITIALIZED_AUTOS = YES_AGGRESSIVE;
				GCC_WARN_UNUSED_FUNCTION = YES;
				GCC_WARN_UNUSED_VARIABLE = YES;
				IPHONEOS_DEPLOYMENT_TARGET = 15.0;
				MTL_ENABLE_DEBUG_INFO = NO;
				MTL_FAST_MATH = YES;
				SDKROOT = iphoneos;
				SWIFT_COMPILATION_MODE = wholemodule;
				SWIFT_OPTIMIZATION_LEVEL = "-O";
				VALIDATE_PRODUCT = YES;
			};
			name = Release;
		};
		6D50CDC32882C3130086B7EE /* Debug */ = {
			isa = XCBuildConfiguration;
			buildSettings = {
				ASSETCATALOG_COMPILER_APPICON_NAME = AppIcon;
				ASSETCATALOG_COMPILER_GLOBAL_ACCENT_COLOR_NAME = AccentColor;
				CODE_SIGN_STYLE = Automatic;
				CURRENT_PROJECT_VERSION = 1;
				DEVELOPMENT_ASSET_PATHS = "\"PokemonPictorialBook/Preview Content\"";
				DEVELOPMENT_TEAM = 7RPFL7EXKD;
				ENABLE_PREVIEWS = YES;
				GENERATE_INFOPLIST_FILE = YES;
				INFOPLIST_FILE = PokemonPictorialBook/Info.plist;
				INFOPLIST_KEY_UIApplicationSceneManifest_Generation = YES;
				INFOPLIST_KEY_UIApplicationSupportsIndirectInputEvents = YES;
				INFOPLIST_KEY_UILaunchScreen_Generation = YES;
				INFOPLIST_KEY_UISupportedInterfaceOrientations_iPad = "UIInterfaceOrientationPortrait UIInterfaceOrientationPortraitUpsideDown UIInterfaceOrientationLandscapeLeft UIInterfaceOrientationLandscapeRight";
				INFOPLIST_KEY_UISupportedInterfaceOrientations_iPhone = "UIInterfaceOrientationPortrait UIInterfaceOrientationLandscapeLeft UIInterfaceOrientationLandscapeRight";
				LD_RUNPATH_SEARCH_PATHS = (
					"$(inherited)",
					"@executable_path/Frameworks",
				);
				MARKETING_VERSION = 1.0;
				PRODUCT_BUNDLE_IDENTIFIER = masaharu.dobashi.PokemonPictorialBook;
				PRODUCT_NAME = "$(TARGET_NAME)";
				SWIFT_EMIT_LOC_STRINGS = YES;
				SWIFT_VERSION = 5.0;
				TARGETED_DEVICE_FAMILY = 1;
			};
			name = Debug;
		};
		6D50CDC42882C3130086B7EE /* Release */ = {
			isa = XCBuildConfiguration;
			buildSettings = {
				ASSETCATALOG_COMPILER_APPICON_NAME = AppIcon;
				ASSETCATALOG_COMPILER_GLOBAL_ACCENT_COLOR_NAME = AccentColor;
				CODE_SIGN_STYLE = Automatic;
				CURRENT_PROJECT_VERSION = 1;
				DEVELOPMENT_ASSET_PATHS = "\"PokemonPictorialBook/Preview Content\"";
				DEVELOPMENT_TEAM = 7RPFL7EXKD;
				ENABLE_PREVIEWS = YES;
				GENERATE_INFOPLIST_FILE = YES;
				INFOPLIST_FILE = PokemonPictorialBook/Info.plist;
				INFOPLIST_KEY_UIApplicationSceneManifest_Generation = YES;
				INFOPLIST_KEY_UIApplicationSupportsIndirectInputEvents = YES;
				INFOPLIST_KEY_UILaunchScreen_Generation = YES;
				INFOPLIST_KEY_UISupportedInterfaceOrientations_iPad = "UIInterfaceOrientationPortrait UIInterfaceOrientationPortraitUpsideDown UIInterfaceOrientationLandscapeLeft UIInterfaceOrientationLandscapeRight";
				INFOPLIST_KEY_UISupportedInterfaceOrientations_iPhone = "UIInterfaceOrientationPortrait UIInterfaceOrientationLandscapeLeft UIInterfaceOrientationLandscapeRight";
				LD_RUNPATH_SEARCH_PATHS = (
					"$(inherited)",
					"@executable_path/Frameworks",
				);
				MARKETING_VERSION = 1.0;
				PRODUCT_BUNDLE_IDENTIFIER = masaharu.dobashi.PokemonPictorialBook;
				PRODUCT_NAME = "$(TARGET_NAME)";
				SWIFT_EMIT_LOC_STRINGS = YES;
				SWIFT_VERSION = 5.0;
				TARGETED_DEVICE_FAMILY = 1;
			};
			name = Release;
		};
/* End XCBuildConfiguration section */

/* Begin XCConfigurationList section */
		6D50CDAF2882C3120086B7EE /* Build configuration list for PBXProject "PokemonPictorialBook" */ = {
			isa = XCConfigurationList;
			buildConfigurations = (
				6D50CDC02882C3130086B7EE /* Debug */,
				6D50CDC12882C3130086B7EE /* Release */,
			);
			defaultConfigurationIsVisible = 0;
			defaultConfigurationName = Release;
		};
		6D50CDC22882C3130086B7EE /* Build configuration list for PBXNativeTarget "PokemonPictorialBook" */ = {
			isa = XCConfigurationList;
			buildConfigurations = (
				6D50CDC32882C3130086B7EE /* Debug */,
				6D50CDC42882C3130086B7EE /* Release */,
			);
			defaultConfigurationIsVisible = 0;
			defaultConfigurationName = Release;
		};
/* End XCConfigurationList section */

/* Begin XCRemoteSwiftPackageReference section */
		6D47ABD0288858C1003FB955 /* XCRemoteSwiftPackageReference "Kingfisher" */ = {
			isa = XCRemoteSwiftPackageReference;
			repositoryURL = "https://github.com/onevcat/Kingfisher.git";
			requirement = {
				kind = upToNextMajorVersion;
				minimumVersion = 7.0.0;
			};
		};
		6D7A6AFE2883FAFD00B82C7F /* XCRemoteSwiftPackageReference "realm-swift" */ = {
			isa = XCRemoteSwiftPackageReference;
			repositoryURL = "https://github.com/realm/realm-swift";
			requirement = {
				kind = exactVersion;
				version = 10.28.2;
			};
		};
		6D7A6B032883FB2000B82C7F /* XCRemoteSwiftPackageReference "PokemonAPI" */ = {
			isa = XCRemoteSwiftPackageReference;
			repositoryURL = "https://github.com/kinkofer/PokemonAPI";
			requirement = {
				kind = exactVersion;
				version = 6.1.1;
			};
		};
/* End XCRemoteSwiftPackageReference section */

/* Begin XCSwiftPackageProductDependency section */
		6D47ABD1288858C1003FB955 /* Kingfisher */ = {
			isa = XCSwiftPackageProductDependency;
			package = 6D47ABD0288858C1003FB955 /* XCRemoteSwiftPackageReference "Kingfisher" */;
			productName = Kingfisher;
		};
		6D7A6AFF2883FAFD00B82C7F /* Realm */ = {
			isa = XCSwiftPackageProductDependency;
			package = 6D7A6AFE2883FAFD00B82C7F /* XCRemoteSwiftPackageReference "realm-swift" */;
			productName = Realm;
		};
		6D7A6B012883FAFD00B82C7F /* RealmSwift */ = {
			isa = XCSwiftPackageProductDependency;
			package = 6D7A6AFE2883FAFD00B82C7F /* XCRemoteSwiftPackageReference "realm-swift" */;
			productName = RealmSwift;
		};
		6D7A6B042883FB2000B82C7F /* PokemonAPI */ = {
			isa = XCSwiftPackageProductDependency;
			package = 6D7A6B032883FB2000B82C7F /* XCRemoteSwiftPackageReference "PokemonAPI" */;
			productName = PokemonAPI;
		};
/* End XCSwiftPackageProductDependency section */
	};
	rootObject = 6D50CDAC2882C3120086B7EE /* Project object */;
}
